// !$*UTF8*$!
{
	archiveVersion = 1;
	classes = {
	};
	objectVersion = 46;
	objects = {

/* Begin PBXBuildFile section */
		049C2A601BA9A84500D9C12E /* main.m in Sources */ = {isa = PBXBuildFile; fileRef = 049C2A5F1BA9A84500D9C12E /* main.m */; };
		049C2A631BA9A84500D9C12E /* AppDelegate.m in Sources */ = {isa = PBXBuildFile; fileRef = 049C2A621BA9A84500D9C12E /* AppDelegate.m */; };
		049C2A661BA9A84500D9C12E /* ViewController.m in Sources */ = {isa = PBXBuildFile; fileRef = 049C2A651BA9A84500D9C12E /* ViewController.m */; };
		049C2A691BA9A84500D9C12E /* Main.storyboard in Resources */ = {isa = PBXBuildFile; fileRef = 049C2A671BA9A84500D9C12E /* Main.storyboard */; };
		049C2A6B1BA9A84500D9C12E /* Images.xcassets in Resources */ = {isa = PBXBuildFile; fileRef = 049C2A6A1BA9A84500D9C12E /* Images.xcassets */; };
		049C2A6E1BA9A84500D9C12E /* LaunchScreen.xib in Resources */ = {isa = PBXBuildFile; fileRef = 049C2A6C1BA9A84500D9C12E /* LaunchScreen.xib */; };
		049C2A7A1BA9A84500D9C12E /* WYTomCatTests.m in Sources */ = {isa = PBXBuildFile; fileRef = 049C2A791BA9A84500D9C12E /* WYTomCatTests.m */; };
/* End PBXBuildFile section */

/* Begin PBXContainerItemProxy section */
		049C2A741BA9A84500D9C12E /* PBXContainerItemProxy */ = {
			isa = PBXContainerItemProxy;
			containerPortal = 049C2A521BA9A84500D9C12E /* Project object */;
			proxyType = 1;
			remoteGlobalIDString = 049C2A591BA9A84500D9C12E;
			remoteInfo = WYTomCat;
		};
/* End PBXContainerItemProxy section */

/* Begin PBXFileReference section */
		049C2A5A1BA9A84500D9C12E /* WYTomCat.app */ = {isa = PBXFileReference; explicitFileType = wrapper.application; includeInIndex = 0; path = WYTomCat.app; sourceTree = BUILT_PRODUCTS_DIR; };
		049C2A5E1BA9A84500D9C12E /* Info.plist */ = {isa = PBXFileReference; lastKnownFileType = text.plist.xml; path = Info.plist; sourceTree = "<group>"; };
		049C2A5F1BA9A84500D9C12E /* main.m */ = {isa = PBXFileReference; lastKnownFileType = sourcecode.c.objc; path = main.m; sourceTree = "<group>"; };
		049C2A611BA9A84500D9C12E /* AppDelegate.h */ = {isa = PBXFileReference; lastKnownFileType = sourcecode.c.h; path = AppDelegate.h; sourceTree = "<group>"; };
		049C2A621BA9A84500D9C12E /* AppDelegate.m */ = {isa = PBXFileReference; lastKnownFileType = sourcecode.c.objc; path = AppDelegate.m; sourceTree = "<group>"; };
		049C2A641BA9A84500D9C12E /* ViewController.h */ = {isa = PBXFileReference; lastKnownFileType = sourcecode.c.h; path = ViewController.h; sourceTree = "<group>"; };
		049C2A651BA9A84500D9C12E /* ViewController.m */ = {isa = PBXFileReference; lastKnownFileType = sourcecode.c.objc; path = ViewController.m; sourceTree = "<group>"; };
		049C2A681BA9A84500D9C12E /* Base */ = {isa = PBXFileReference; lastKnownFileType = file.storyboard; name = Base; path = Base.lproj/Main.storyboard; sourceTree = "<group>"; };
		049C2A6A1BA9A84500D9C12E /* Images.xcassets */ = {isa = PBXFileReference; lastKnownFileType = folder.assetcatalog; path = Images.xcassets; sourceTree = "<group>"; };
		049C2A6D1BA9A84500D9C12E /* Base */ = {isa = PBXFileReference; lastKnownFileType = file.xib; name = Base; path = Base.lproj/LaunchScreen.xib; sourceTree = "<group>"; };
		049C2A731BA9A84500D9C12E /* WYTomCatTests.xctest */ = {isa = PBXFileReference; explicitFileType = wrapper.cfbundle; includeInIndex = 0; path = WYTomCatTests.xctest; sourceTree = BUILT_PRODUCTS_DIR; };
		049C2A781BA9A84500D9C12E /* Info.plist */ = {isa = PBXFileReference; lastKnownFileType = text.plist.xml; path = Info.plist; sourceTree = "<group>"; };
		049C2A791BA9A84500D9C12E /* WYTomCatTests.m */ = {isa = PBXFileReference; lastKnownFileType = sourcecode.c.objc; path = WYTomCatTests.m; sourceTree = "<group>"; };
/* End PBXFileReference section */

/* Begin PBXFrameworksBuildPhase section */
		049C2A571BA9A84500D9C12E /* Frameworks */ = {
			isa = PBXFrameworksBuildPhase;
			buildActionMask = 2147483647;
			files = (
			);
			runOnlyForDeploymentPostprocessing = 0;
		};
		049C2A701BA9A84500D9C12E /* Frameworks */ = {
			isa = PBXFrameworksBuildPhase;
			buildActionMask = 2147483647;
			files = (
			);
			runOnlyForDeploymentPostprocessing = 0;
		};
/* End PBXFrameworksBuildPhase section */

/* Begin PBXGroup section */
		049C2A511BA9A84500D9C12E = {
			isa = PBXGroup;
			children = (
				049C2A5C1BA9A84500D9C12E /* WYTomCat */,
				049C2A761BA9A84500D9C12E /* WYTomCatTests */,
				049C2A5B1BA9A84500D9C12E /* Products */,
			);
			sourceTree = "<group>";
		};
		049C2A5B1BA9A84500D9C12E /* Products */ = {
			isa = PBXGroup;
			children = (
				049C2A5A1BA9A84500D9C12E /* WYTomCat.app */,
				049C2A731BA9A84500D9C12E /* WYTomCatTests.xctest */,
			);
			name = Products;
			sourceTree = "<group>";
		};
		049C2A5C1BA9A84500D9C12E /* WYTomCat */ = {
			isa = PBXGroup;
			children = (
				049C2A611BA9A84500D9C12E /* AppDelegate.h */,
				049C2A621BA9A84500D9C12E /* AppDelegate.m */,
				049C2A641BA9A84500D9C12E /* ViewController.h */,
				049C2A651BA9A84500D9C12E /* ViewController.m */,
				049C2A671BA9A84500D9C12E /* Main.storyboard */,
				049C2A6A1BA9A84500D9C12E /* Images.xcassets */,
				049C2A6C1BA9A84500D9C12E /* LaunchScreen.xib */,
				049C2A5D1BA9A84500D9C12E /* Supporting Files */,
			);
			path = WYTomCat;
			sourceTree = "<group>";
		};
		049C2A5D1BA9A84500D9C12E /* Supporting Files */ = {
			isa = PBXGroup;
			children = (
				049C2A5E1BA9A84500D9C12E /* Info.plist */,
				049C2A5F1BA9A84500D9C12E /* main.m */,
			);
			name = "Supporting Files";
			sourceTree = "<group>";
		};
		049C2A761BA9A84500D9C12E /* WYTomCatTests */ = {
			isa = PBXGroup;
			children = (
				049C2A791BA9A84500D9C12E /* WYTomCatTests.m */,
				049C2A771BA9A84500D9C12E /* Supporting Files */,
			);
			path = WYTomCatTests;
			sourceTree = "<group>";
		};
		049C2A771BA9A84500D9C12E /* Supporting Files */ = {
			isa = PBXGroup;
			children = (
				049C2A781BA9A84500D9C12E /* Info.plist */,
			);
			name = "Supporting Files";
			sourceTree = "<group>";
		};
/* End PBXGroup section */

/* Begin PBXNativeTarget section */
		049C2A591BA9A84500D9C12E /* WYTomCat */ = {
			isa = PBXNativeTarget;
			buildConfigurationList = 049C2A7D1BA9A84500D9C12E /* Build configuration list for PBXNativeTarget "WYTomCat" */;
			buildPhases = (
				049C2A561BA9A84500D9C12E /* Sources */,
				049C2A571BA9A84500D9C12E /* Frameworks */,
				049C2A581BA9A84500D9C12E /* Resources */,
			);
			buildRules = (
			);
			dependencies = (
			);
			name = WYTomCat;
			productName = WYTomCat;
			productReference = 049C2A5A1BA9A84500D9C12E /* WYTomCat.app */;
			productType = "com.apple.product-type.application";
		};
		049C2A721BA9A84500D9C12E /* WYTomCatTests */ = {
			isa = PBXNativeTarget;
			buildConfigurationList = 049C2A801BA9A84500D9C12E /* Build configuration list for PBXNativeTarget "WYTomCatTests" */;
			buildPhases = (
				049C2A6F1BA9A84500D9C12E /* Sources */,
				049C2A701BA9A84500D9C12E /* Frameworks */,
				049C2A711BA9A84500D9C12E /* Resources */,
			);
			buildRules = (
			);
			dependencies = (
				049C2A751BA9A84500D9C12E /* PBXTargetDependency */,
			);
			name = WYTomCatTests;
			productName = WYTomCatTests;
			productReference = 049C2A731BA9A84500D9C12E /* WYTomCatTests.xctest */;
			productType = "com.apple.product-type.bundle.unit-test";
		};
/* End PBXNativeTarget section */

/* Begin PBXProject section */
		049C2A521BA9A84500D9C12E /* Project object */ = {
			isa = PBXProject;
			attributes = {
				LastUpgradeCheck = 0640;
				ORGANIZATIONNAME = mac;
				TargetAttributes = {
					049C2A591BA9A84500D9C12E = {
						CreatedOnToolsVersion = 6.4;
					};
					049C2A721BA9A84500D9C12E = {
						CreatedOnToolsVersion = 6.4;
						TestTargetID = 049C2A591BA9A84500D9C12E;
					};
				};
			};
			buildConfigurationList = 049C2A551BA9A84500D9C12E /* Build configuration list for PBXProject "WYTomCat" */;
			compatibilityVersion = "Xcode 3.2";
			developmentRegion = English;
			hasScannedForEncodings = 0;
			knownRegions = (
				en,
				Base,
			);
			mainGroup = 049C2A511BA9A84500D9C12E;
			productRefGroup = 049C2A5B1BA9A84500D9C12E /* Products */;
			projectDirPath = "";
			projectRoot = "";
			targets = (
				049C2A591BA9A84500D9C12E /* WYTomCat */,
				049C2A721BA9A84500D9C12E /* WYTomCatTests */,
			);
		};
/* End PBXProject section */

/* Begin PBXResourcesBuildPhase section */
		049C2A581BA9A84500D9C12E /* Resources */ = {
			isa = PBXResourcesBuildPhase;
			buildActionMask = 2147483647;
			files = (
				049C2A691BA9A84500D9C12E /* Main.storyboard in Resources */,
				049C2A6E1BA9A84500D9C12E /* LaunchScreen.xib in Resources */,
				049C2A6B1BA9A84500D9C12E /* Images.xcassets in Resources */,
			);
			runOnlyForDeploymentPostprocessing = 0;
		};
		049C2A711BA9A84500D9C12E /* Resources */ = {
			isa = PBXResourcesBuildPhase;
			buildActionMask = 2147483647;
			files = (
			);
			runOnlyForDeploymentPostprocessing = 0;
		};
/* End PBXResourcesBuildPhase section */

/* Begin PBXSourcesBuildPhase section */
		049C2A561BA9A84500D9C12E /* Sources */ = {
			isa = PBXSourcesBuildPhase;
			buildActionMask = 2147483647;
			files = (
				049C2A661BA9A84500D9C12E /* ViewController.m in Sources */,
				049C2A631BA9A84500D9C12E /* AppDelegate.m in Sources */,
				049C2A601BA9A84500D9C12E /* main.m in Sources */,
			);
			runOnlyForDeploymentPostprocessing = 0;
		};
		049C2A6F1BA9A84500D9C12E /* Sources */ = {
			isa = PBXSourcesBuildPhase;
			buildActionMask = 2147483647;
			files = (
				049C2A7A1BA9A84500D9C12E /* WYTomCatTests.m in Sources */,
			);
			runOnlyForDeploymentPostprocessing = 0;
		};
/* End PBXSourcesBuildPhase section */

/* Begin PBXTargetDependency section */
		049C2A751BA9A84500D9C12E /* PBXTargetDependency */ = {
			isa = PBXTargetDependency;
			target = 049C2A591BA9A84500D9C12E /* WYTomCat */;
			targetProxy = 049C2A741BA9A84500D9C12E /* PBXContainerItemProxy */;
		};
/* End PBXTargetDependency section */

/* Begin PBXVariantGroup section */
		049C2A671BA9A84500D9C12E /* Main.storyboard */ = {
			isa = PBXVariantGroup;
			children = (
				049C2A681BA9A84500D9C12E /* Base */,
			);
			name = Main.storyboard;
			sourceTree = "<group>";
		};
		049C2A6C1BA9A84500D9C12E /* LaunchScreen.xib */ = {
			isa = PBXVariantGroup;
			children = (
				049C2A6D1BA9A84500D9C12E /* Base */,
			);
			name = LaunchScreen.xib;
			sourceTree = "<group>";
		};
/* End PBXVariantGroup section */

/* Begin XCBuildConfiguration section */
		049C2A7B1BA9A84500D9C12E /* Debug */ = {
			isa = XCBuildConfiguration;
			buildSettings = {
				ALWAYS_SEARCH_USER_PATHS = NO;
				CLANG_CXX_LANGUAGE_STANDARD = "gnu++0x";
				CLANG_CXX_LIBRARY = "libc++";
				CLANG_ENABLE_MODULES = YES;
				CLANG_ENABLE_OBJC_ARC = YES;
				CLANG_WARN_BOOL_CONVERSION = YES;
				CLANG_WARN_CONSTANT_CONVERSION = YES;
				CLANG_WARN_DIRECT_OBJC_ISA_USAGE = YES_ERROR;
				CLANG_WARN_EMPTY_BODY = YES;
				CLANG_WARN_ENUM_CONVERSION = YES;
				CLANG_WARN_INT_CONVERSION = YES;
				CLANG_WARN_OBJC_ROOT_CLASS = YES_ERROR;
				CLANG_WARN_UNREACHABLE_CODE = YES;
				CLANG_WARN__DUPLICATE_METHOD_MATCH = YES;
				"CODE_SIGN_IDENTITY[sdk=iphoneos*]" = "iPhone Developer";
				COPY_PHASE_STRIP = NO;
				DEBUG_INFORMATION_FORMAT = "dwarf-with-dsym";
				ENABLE_STRICT_OBJC_MSGSEND = YES;
				GCC_C_LANGUAGE_STANDARD = gnu99;
				GCC_DYNAMIC_NO_PIC = NO;
				GCC_NO_COMMON_BLOCKS = YES;
				GCC_OPTIMIZATION_LEVEL = 0;
				GCC_PREPROCESSOR_DEFINITIONS = (
					"DEBUG=1",
					"$(inherited)",
				);
				GCC_SYMBOLS_PRIVATE_EXTERN = NO;
				GCC_WARN_64_TO_32_BIT_CONVERSION = YES;
				GCC_WARN_ABOUT_RETURN_TYPE = YES_ERROR;
				GCC_WARN_UNDECLARED_SELECTOR = YES;
				GCC_WARN_UNINITIALIZED_AUTOS = YES_AGGRESSIVE;
				GCC_WARN_UNUSED_FUNCTION = YES;
				GCC_WARN_UNUSED_VARIABLE = YES;
				IPHONEOS_DEPLOYMENT_TARGET = 8.4;
				MTL_ENABLE_DEBUG_INFO = YES;
				ONLY_ACTIVE_ARCH = YES;
				SDKROOT = iphoneos;
			};
			name = Debug;
		};
		049C2A7C1BA9A84500D9C12E /* Release */ = {
			isa = XCBuildConfiguration;
			buildSettings = {
				ALWAYS_SEARCH_USER_PATHS = NO;
				CLANG_CXX_LANGUAGE_STANDARD = "gnu++0x";
				CLANG_CXX_LIBRARY = "libc++";
				CLANG_ENABLE_MODULES = YES;
				CLANG_ENABLE_OBJC_ARC = YES;
				CLANG_WARN_BOOL_CONVERSION = YES;
				CLANG_WARN_CONSTANT_CONVERSION = YES;
				CLANG_WARN_DIRECT_OBJC_ISA_USAGE = YES_ERROR;
				CLANG_WARN_EMPTY_BODY = YES;
				CLANG_WARN_ENUM_CONVERSION = YES;
				CLANG_WARN_INT_CONVERSION = YES;
				CLANG_WARN_OBJC_ROOT_CLASS = YES_ERROR;
				CLANG_WARN_UNREACHABLE_CODE = YES;
				CLANG_WARN__DUPLICATE_METHOD_MATCH = YES;
				"CODE_SIGN_IDENTITY[sdk=iphoneos*]" = "iPhone Developer";
				COPY_PHASE_STRIP = NO;
				DEBUG_INFORMATION_FORMAT = "dwarf-with-dsym";
				ENABLE_NS_ASSERTIONS = NO;
				ENABLE_STRICT_OBJC_MSGSEND = YES;
				GCC_C_LANGUAGE_STANDARD = gnu99;
				GCC_NO_COMMON_BLOCKS = YES;
				GCC_WARN_64_TO_32_BIT_CONVERSION = YES;
				GCC_WARN_ABOUT_RETURN_TYPE = YES_ERROR;
				GCC_WARN_UNDECLARED_SELECTOR = YES;
				GCC_WARN_UNINITIALIZED_AUTOS = YES_AGGRESSIVE;
				GCC_WARN_UNUSED_FUNCTION = YES;
				GCC_WARN_UNUSED_VARIABLE = YES;
				IPHONEOS_DEPLOYMENT_TARGET = 8.4;
				MTL_ENABLE_DEBUG_INFO = NO;
				SDKROOT = iphoneos;
				VALIDATE_PRODUCT = YES;
			};
			name = Release;
		};
		049C2A7E1BA9A84500D9C12E /* Debug */ = {
			isa = XCBuildConfiguration;
			buildSettings = {
				ASSETCATALOG_COMPILER_APPICON_NAME = AppIcon;
				INFOPLIST_FILE = WYTomCat/Info.plist;
				LD_RUNPATH_SEARCH_PATHS = "$(inherited) @executable_path/Frameworks";
				PRODUCT_NAME = "$(TARGET_NAME)";
			};
			name = Debug;
		};
		049C2A7F1BA9A84500D9C12E /* Release */ = {
			isa = XCBuildConfiguration;
			buildSettings = {
				ASSETCATALOG_COMPILER_APPICON_NAME = AppIcon;
				INFOPLIST_FILE = WYTomCat/Info.plist;
				LD_RUNPATH_SEARCH_PATHS = "$(inherited) @executable_path/Frameworks";
				PRODUCT_NAME = "$(TARGET_NAME)";
			};
			name = Release;
		};
		049C2A811BA9A84500D9C12E /* Debug */ = {
			isa = XCBuildConfiguration;
			buildSettings = {
				BUNDLE_LOADER = "$(TEST_HOST)";
				FRAMEWORK_SEARCH_PATHS = (
					"$(SDKROOT)/Developer/Library/Frameworks",
					"$(inherited)",
				);
				GCC_PREPROCESSOR_DEFINITIONS = (
					"DEBUG=1",
					"$(inherited)",
				);
				INFOPLIST_FILE = WYTomCatTests/Info.plist;
				LD_RUNPATH_SEARCH_PATHS = "$(inherited) @executable_path/Frameworks @loader_path/Frameworks";
				PRODUCT_NAME = "$(TARGET_NAME)";
				TEST_HOST = "$(BUILT_PRODUCTS_DIR)/WYTomCat.app/WYTomCat";
			};
			name = Debug;
		};
		049C2A821BA9A84500D9C12E /* Release */ = {
			isa = XCBuildConfiguration;
			buildSettings = {
				BUNDLE_LOADER = "$(TEST_HOST)";
				FRAMEWORK_SEARCH_PATHS = (
					"$(SDKROOT)/Developer/Library/Frameworks",
					"$(inherited)",
				);
				INFOPLIST_FILE = WYTomCatTests/Info.plist;
				LD_RUNPATH_SEARCH_PATHS = "$(inherited) @executable_path/Frameworks @loader_path/Frameworks";
				PRODUCT_NAME = "$(TARGET_NAME)";
				TEST_HOST = "$(BUILT_PRODUCTS_DIR)/WYTomCat.app/WYTomCat";
			};
			name = Release;
		};
/* End XCBuildConfiguration section */

/* Begin XCConfigurationList section */
		049C2A551BA9A84500D9C12E /* Build configuration list for PBXProject "WYTomCat" */ = {
			isa = XCConfigurationList;
			buildConfigurations = (
				049C2A7B1BA9A84500D9C12E /* Debug */,
				049C2A7C1BA9A84500D9C12E /* Release */,
			);
			defaultConfigurationIsVisible = 0;
			defaultConfigurationName = Release;
		};
		049C2A7D1BA9A84500D9C12E /* Build configuration list for PBXNativeTarget "WYTomCat" */ = {
			isa = XCConfigurationList;
			buildConfigurations = (
				049C2A7E1BA9A84500D9C12E /* Debug */,
				049C2A7F1BA9A84500D9C12E /* Release */,
			);
			defaultConfigurationIsVisible = 0;
		};
		049C2A801BA9A84500D9C12E /* Build configuration list for PBXNativeTarget "WYTomCatTests" */ = {
			isa = XCConfigurationList;
			buildConfigurations = (
				049C2A811BA9A84500D9C12E /* Debug */,
				049C2A821BA9A84500D9C12E /* Release */,
			);
			defaultConfigurationIsVisible = 0;
		};
/* End XCConfigurationList section */
	};
	rootObject = 049C2A521BA9A84500D9C12E /* Project object */;
}
